
Microsoft Visual Studio Solution File, Format Version 12.00
# Visual Studio Version 16
VisualStudioVersion = 16.0.31005.135
MinimumVisualStudioVersion = 10.0.40219.1
Project("{9A19103F-16F7-4668-BE54-9A1E7A4F7556}") = "ChatSocketsServer", "ChatSocketsServer\ChatSocketsServer.csproj", "{ECE75166-531B-41F3-848D-1AEBE17C1A8E}"
EndProject
Project("{FAE04EC0-301F-11D3-BF4B-00C04F79EFBC}") = "ChatSocketsClient", "ChatSocketsClient\ChatSocketsClient.csproj", "{1DA6E43E-7B5F-4687-BE92-FC5AD843C6FB}"
EndProject
Global
	GlobalSection(SolutionConfigurationPlatforms) = preSolution
		Debug|Any CPU = Debug|Any CPU
		Release|Any CPU = Release|Any CPU
	EndGlobalSection
	GlobalSection(ProjectConfigurationPlatforms) = postSolution
		{ECE75166-531B-41F3-848D-1AEBE17C1A8E}.Debug|Any CPU.ActiveCfg = Debug|Any CPU
		{ECE75166-531B-41F3-848D-1AEBE17C1A8E}.Debug|Any CPU.Build.0 = Debug|Any CPU
		{ECE75166-531B-41F3-848D-1AEBE17C1A8E}.Release|Any CPU.ActiveCfg = Release|Any CPU
		{ECE75166-531B-41F3-848D-1AEBE17C1A8E}.Release|Any CPU.Build.0 = Release|Any CPU
		{1DA6E43E-7B5F-4687-BE92-FC5AD843C6FB}.Debug|Any CPU.ActiveCfg = Debug|Any CPU
		{1DA6E43E-7B5F-4687-BE92-FC5AD843C6FB}.Debug|Any CPU.Build.0 = Debug|Any CPU
		{1DA6E43E-7B5F-4687-BE92-FC5AD843C6FB}.Release|Any CPU.ActiveCfg = Release|Any CPU
		{1DA6E43E-7B5F-4687-BE92-FC5AD843C6FB}.Release|Any CPU.Build.0 = Release|Any CPU
	EndGlobalSection
	GlobalSection(SolutionProperties) = preSolution
		HideSolutionNode = FALSE
	EndGlobalSection
	GlobalSection(ExtensibilityGlobals) = postSolution
		SolutionGuid = {295BA097-A5F1-4C04-B87A-86D48D0BDB1F}
	EndGlobalSection
EndGlobal
